// !$*UTF8*$!
{
	archiveVersion = 1;
	classes = {
	};
	objectVersion = 77;
	objects = {

/* Begin PBXBuildFile section */
		0066661C04BC58EDD9FDD80C /* SyncService.swift in Sources */ = {isa = PBXBuildFile; fileRef = 419049B12A08DD535DF23CBC /* SyncService.swift */; };
		08C79908544161C16AFECCEA /* WorkoutDetailView.swift in Sources */ = {isa = PBXBuildFile; fileRef = 7586B39AA3724352A53798C3 /* WorkoutDetailView.swift */; };
		113957073D32157F511B0B97 /* ChatHistoryView.swift in Sources */ = {isa = PBXBuildFile; fileRef = 58BCF7A7CE62FA7F61B02947 /* ChatHistoryView.swift */; };
		1A1C5F565A07DC66127663E1 /* HealthProfileEditView.swift in Sources */ = {isa = PBXBuildFile; fileRef = 81DA91D12D1CEA1BA42A24C8 /* HealthProfileEditView.swift */; };
		21650B63683E26C56D952CDF /* VitalApp.swift in Sources */ = {isa = PBXBuildFile; fileRef = 75F944990025E5997A5F0847 /* VitalApp.swift */; };
		22D664D7F5FD652A31DB0F65 /* APIService.swift in Sources */ = {isa = PBXBuildFile; fileRef = F1CAE199160B3A4F83672596 /* APIService.swift */; };
		2363FBCC1AEA2709E32E1C49 /* ChatHistoryManager.swift in Sources */ = {isa = PBXBuildFile; fileRef = 26FCAD02401C1EF8CC5344F4 /* ChatHistoryManager.swift */; };
		29E05D9C2A5372819CF26B6F /* ChatView.swift in Sources */ = {isa = PBXBuildFile; fileRef = A9C464C536715D7CD233F022 /* ChatView.swift */; };
		2A7616587AC02AF5E795E939 /* MetricDetailView.swift in Sources */ = {isa = PBXBuildFile; fileRef = D46C9D2EEE67FD860EA9269C /* MetricDetailView.swift */; };
		2C8B787BBDB5CA3499CC8F45 /* AuthService.swift in Sources */ = {isa = PBXBuildFile; fileRef = 7A505619541FE752606DD517 /* AuthService.swift */; };
		306C873F89DB17082AAEF7DB /* ContentView.swift in Sources */ = {isa = PBXBuildFile; fileRef = 86AC6E545186B05588923B37 /* ContentView.swift */; };
		34272EDAA3EFD6F99F86B001 /* MoreView.swift in Sources */ = {isa = PBXBuildFile; fileRef = 695F5E696F12D181D6A4AFFD /* MoreView.swift */; };
		3850A7C17F91162718E074A5 /* CameraPicker.swift in Sources */ = {isa = PBXBuildFile; fileRef = B0F1B423C74B0B70BC5C0B02 /* CameraPicker.swift */; };
		388B58FA32782AAF6208DA25 /* TodayView.swift in Sources */ = {isa = PBXBuildFile; fileRef = AAA86C9E18CF5593EEA2BC55 /* TodayView.swift */; };
		482167DBE1E4BFE145E8948B /* WaterQuickAddView.swift in Sources */ = {isa = PBXBuildFile; fileRef = C5D0B47920B557F8962A90F7 /* WaterQuickAddView.swift */; };
		4E3189299980475CEDF47604 /* MealFormView.swift in Sources */ = {isa = PBXBuildFile; fileRef = 234C8B4F374F1A11E2A462BE /* MealFormView.swift */; };
		61B1EE2C30CD7785928F53FA /* HealthData.swift in Sources */ = {isa = PBXBuildFile; fileRef = 51CA0976C5B54CDAB62C9964 /* HealthData.swift */; };
		63D97D74849E03C0F076194D /* SparklineChart.swift in Sources */ = {isa = PBXBuildFile; fileRef = 4D4225B85291BA2AA157CA81 /* SparklineChart.swift */; };
		63EDA6B453A78FA2D8C1162F /* ImagePicker.swift in Sources */ = {isa = PBXBuildFile; fileRef = 3398576D292987F2B5FE4251 /* ImagePicker.swift */; };
		664BF915E1E36D770A850E28 /* SettingsView.swift in Sources */ = {isa = PBXBuildFile; fileRef = 2D62018416CAAA49C7E9D937 /* SettingsView.swift */; };
		675BA7C7182E3C2B4AE46A78 /* ActivityView.swift in Sources */ = {isa = PBXBuildFile; fileRef = 9A64A47B9FD55661422FED52 /* ActivityView.swift */; };
		685685054E1D9C017B5E8E35 /* AppModels.swift in Sources */ = {isa = PBXBuildFile; fileRef = 41DD527E05343DD9C7E0D7B9 /* AppModels.swift */; };
		72BE40C3C30A9684A7C89300 /* HealthKitService.swift in Sources */ = {isa = PBXBuildFile; fileRef = CBF73ED4E98DCD72ABD704F1 /* HealthKitService.swift */; };
		742A9E1FF0C34411F30BB3F7 /* ProfileView.swift in Sources */ = {isa = PBXBuildFile; fileRef = 06149EE4656A31E0CDC26112 /* ProfileView.swift */; };
		78DF37D6390AFA2CDDCE3690 /* WorkoutsView.swift in Sources */ = {isa = PBXBuildFile; fileRef = 011D16B4E167D3A7522A591A /* WorkoutsView.swift */; };
		7EC8510CF896AD0ABE65028E /* Supabase in Frameworks */ = {isa = PBXBuildFile; productRef = 912219716956E7D281B60D89 /* Supabase */; };
		82D43C3B7B02A84FCB7E8B84 /* DashboardView.swift in Sources */ = {isa = PBXBuildFile; fileRef = 058387F7BF756B77029CBF41 /* DashboardView.swift */; };
		83DB21F40AB3650F585440CA /* NutritionView.swift in Sources */ = {isa = PBXBuildFile; fileRef = 718093F3217EB8C9E568058A /* NutritionView.swift */; };
		8718F9EF3ED0F35F45C2327C /* DeviceSelectionView.swift in Sources */ = {isa = PBXBuildFile; fileRef = 82534F92A1788707CFF5DCBD /* DeviceSelectionView.swift */; };
		87CE45C7EC90057B7404D6C5 /* BrandColors.swift in Sources */ = {isa = PBXBuildFile; fileRef = ECE28BE8DF3FB055E2BFD99E /* BrandColors.swift */; };
		929ACBD19E455D8624BC7A68 /* SupplementFormView.swift in Sources */ = {isa = PBXBuildFile; fileRef = 007156F6AEE52F5471FAC5B5 /* SupplementFormView.swift */; };
		992C271EAF05E18D631CC48C /* SleepDetailView.swift in Sources */ = {isa = PBXBuildFile; fileRef = 0B2E36B5835F23D569F5FAC2 /* SleepDetailView.swift */; };
		9EE3B3B10026C48C894C1E2E /* Assets.xcassets in Resources */ = {isa = PBXBuildFile; fileRef = EC860DBCA8D5861DA867F953 /* Assets.xcassets */; };
		A488921DE71D81B872E0038A /* PermissionsView.swift in Sources */ = {isa = PBXBuildFile; fileRef = A9B3EDAE295BB5003567B7CF /* PermissionsView.swift */; };
		A493F1EAEB4E898E76428607 /* HapticManager.swift in Sources */ = {isa = PBXBuildFile; fileRef = 34DD3ADBC4EDBBD471333412 /* HapticManager.swift */; };
		A91E6512E1FBC897AF0E8636 /* SupplementsView.swift in Sources */ = {isa = PBXBuildFile; fileRef = 5FE808B66952FCB7F89CF796 /* SupplementsView.swift */; };
		AC54A7C96E16C3755B82EB2E /* SkeletonView.swift in Sources */ = {isa = PBXBuildFile; fileRef = 7ECFC4ADFF01A5E7F7A5967F /* SkeletonView.swift */; };
		ADDE2E207536AA76178EFCA6 /* OnboardingView.swift in Sources */ = {isa = PBXBuildFile; fileRef = 6E0101990B2443858036D833 /* OnboardingView.swift */; };
		AF26D00E7712120425E3425D /* LabsView.swift in Sources */ = {isa = PBXBuildFile; fileRef = 4A83C6F4F89F3B1447EE6310 /* LabsView.swift */; };
		BB1BD3C1163B29438B6F9F56 /* WorkoutSessionView.swift in Sources */ = {isa = PBXBuildFile; fileRef = 21FD12DE3911921C22F394BA /* WorkoutSessionView.swift */; };
		C691307B8AC193BFA5D584C6 /* Config.swift in Sources */ = {isa = PBXBuildFile; fileRef = EF92559B707E7D4262FDC303 /* Config.swift */; };
		DE6F438E0022C6D7F64EF535 /* NetworkMonitor.swift in Sources */ = {isa = PBXBuildFile; fileRef = D87B44CB5432E31DD4F5A785 /* NetworkMonitor.swift */; };
		DFB81B3371584E5D355161C8 /* EmptyStateView.swift in Sources */ = {isa = PBXBuildFile; fileRef = EACF3EB67A073B4D6917E660 /* EmptyStateView.swift */; };
		E02FFF0EC6709E0683FC0AE6 /* MacroBar.swift in Sources */ = {isa = PBXBuildFile; fileRef = 789FB3B558E209BB25525EB1 /* MacroBar.swift */; };
		E8C5E7FC3EB83D965E3B51A6 /* MealAnalysisView.swift in Sources */ = {isa = PBXBuildFile; fileRef = FDE6CC668BDDFEA9882201EA /* MealAnalysisView.swift */; };
		EB251EBF97EFDAADDA19C673 /* SyncStatusView.swift in Sources */ = {isa = PBXBuildFile; fileRef = EB14AFD38B7C66C7EC36CFF4 /* SyncStatusView.swift */; };
		F282960C5925F88C336ECA79 /* DocumentPicker.swift in Sources */ = {isa = PBXBuildFile; fileRef = A453F8F5AFBEE93612CD2DDA /* DocumentPicker.swift */; };
		F2B878F1B30A5DDE8FD7042E /* RecoveryRing.swift in Sources */ = {isa = PBXBuildFile; fileRef = 524A95CB42E653597360F8F1 /* RecoveryRing.swift */; };
		F4B947C98349231AE4312579 /* QuickLogView.swift in Sources */ = {isa = PBXBuildFile; fileRef = 11FD45DA6073A9AF4653948C /* QuickLogView.swift */; };
		F8EF78F636AB968A0C5C2141 /* LoginView.swift in Sources */ = {isa = PBXBuildFile; fileRef = 9B0D139DCAABA4FF1454DD9E /* LoginView.swift */; };
		FE77C8E2E3F2A0F4338F35A2 /* MealAnalysisService.swift in Sources */ = {isa = PBXBuildFile; fileRef = F7D604E9B7E3661E662A5E7F /* MealAnalysisService.swift */; };
		FF3BFF2F40540103C12152AA /* SupplementScanView.swift in Sources */ = {isa = PBXBuildFile; fileRef = 3AFC49CCDA59865BC4C7D70B /* SupplementScanView.swift */; };
/* End PBXBuildFile section */

/* Begin PBXFileReference section */
		007156F6AEE52F5471FAC5B5 /* SupplementFormView.swift */ = {isa = PBXFileReference; lastKnownFileType = sourcecode.swift; path = SupplementFormView.swift; sourceTree = "<group>"; };
		011D16B4E167D3A7522A591A /* WorkoutsView.swift */ = {isa = PBXFileReference; lastKnownFileType = sourcecode.swift; path = WorkoutsView.swift; sourceTree = "<group>"; };
		058387F7BF756B77029CBF41 /* DashboardView.swift */ = {isa = PBXFileReference; lastKnownFileType = sourcecode.swift; path = DashboardView.swift; sourceTree = "<group>"; };
		06149EE4656A31E0CDC26112 /* ProfileView.swift */ = {isa = PBXFileReference; lastKnownFileType = sourcecode.swift; path = ProfileView.swift; sourceTree = "<group>"; };
		0B2E36B5835F23D569F5FAC2 /* SleepDetailView.swift */ = {isa = PBXFileReference; lastKnownFileType = sourcecode.swift; path = SleepDetailView.swift; sourceTree = "<group>"; };
		11FD45DA6073A9AF4653948C /* QuickLogView.swift */ = {isa = PBXFileReference; lastKnownFileType = sourcecode.swift; path = QuickLogView.swift; sourceTree = "<group>"; };
		21FD12DE3911921C22F394BA /* WorkoutSessionView.swift */ = {isa = PBXFileReference; lastKnownFileType = sourcecode.swift; path = WorkoutSessionView.swift; sourceTree = "<group>"; };
		234C8B4F374F1A11E2A462BE /* MealFormView.swift */ = {isa = PBXFileReference; lastKnownFileType = sourcecode.swift; path = MealFormView.swift; sourceTree = "<group>"; };
		269D5C7E269BC001761E3170 /* Info.plist */ = {isa = PBXFileReference; lastKnownFileType = text.plist; path = Info.plist; sourceTree = "<group>"; };
		26FCAD02401C1EF8CC5344F4 /* ChatHistoryManager.swift */ = {isa = PBXFileReference; lastKnownFileType = sourcecode.swift; path = ChatHistoryManager.swift; sourceTree = "<group>"; };
		2D62018416CAAA49C7E9D937 /* SettingsView.swift */ = {isa = PBXFileReference; lastKnownFileType = sourcecode.swift; path = SettingsView.swift; sourceTree = "<group>"; };
		3398576D292987F2B5FE4251 /* ImagePicker.swift */ = {isa = PBXFileReference; lastKnownFileType = sourcecode.swift; path = ImagePicker.swift; sourceTree = "<group>"; };
		34DD3ADBC4EDBBD471333412 /* HapticManager.swift */ = {isa = PBXFileReference; lastKnownFileType = sourcecode.swift; path = HapticManager.swift; sourceTree = "<group>"; };
		3AFC49CCDA59865BC4C7D70B /* SupplementScanView.swift */ = {isa = PBXFileReference; lastKnownFileType = sourcecode.swift; path = SupplementScanView.swift; sourceTree = "<group>"; };
		419049B12A08DD535DF23CBC /* SyncService.swift */ = {isa = PBXFileReference; lastKnownFileType = sourcecode.swift; path = SyncService.swift; sourceTree = "<group>"; };
		41DD527E05343DD9C7E0D7B9 /* AppModels.swift */ = {isa = PBXFileReference; lastKnownFileType = sourcecode.swift; path = AppModels.swift; sourceTree = "<group>"; };
		4A83C6F4F89F3B1447EE6310 /* LabsView.swift */ = {isa = PBXFileReference; lastKnownFileType = sourcecode.swift; path = LabsView.swift; sourceTree = "<group>"; };
		4D4225B85291BA2AA157CA81 /* SparklineChart.swift */ = {isa = PBXFileReference; lastKnownFileType = sourcecode.swift; path = SparklineChart.swift; sourceTree = "<group>"; };
		501DF9AE721A2A5A26C9F350 /* Vital.entitlements */ = {isa = PBXFileReference; lastKnownFileType = text.plist.entitlements; path = Vital.entitlements; sourceTree = "<group>"; };
		51CA0976C5B54CDAB62C9964 /* HealthData.swift */ = {isa = PBXFileReference; lastKnownFileType = sourcecode.swift; path = HealthData.swift; sourceTree = "<group>"; };
		524A95CB42E653597360F8F1 /* RecoveryRing.swift */ = {isa = PBXFileReference; lastKnownFileType = sourcecode.swift; path = RecoveryRing.swift; sourceTree = "<group>"; };
		533791F1F8F3F49849EED2E9 /* Vital.app */ = {isa = PBXFileReference; includeInIndex = 0; lastKnownFileType = wrapper.application; path = Vital.app; sourceTree = BUILT_PRODUCTS_DIR; };
		58BCF7A7CE62FA7F61B02947 /* ChatHistoryView.swift */ = {isa = PBXFileReference; lastKnownFileType = sourcecode.swift; path = ChatHistoryView.swift; sourceTree = "<group>"; };
		5FE808B66952FCB7F89CF796 /* SupplementsView.swift */ = {isa = PBXFileReference; lastKnownFileType = sourcecode.swift; path = SupplementsView.swift; sourceTree = "<group>"; };
		695F5E696F12D181D6A4AFFD /* MoreView.swift */ = {isa = PBXFileReference; lastKnownFileType = sourcecode.swift; path = MoreView.swift; sourceTree = "<group>"; };
		6E0101990B2443858036D833 /* OnboardingView.swift */ = {isa = PBXFileReference; lastKnownFileType = sourcecode.swift; path = OnboardingView.swift; sourceTree = "<group>"; };
		718093F3217EB8C9E568058A /* NutritionView.swift */ = {isa = PBXFileReference; lastKnownFileType = sourcecode.swift; path = NutritionView.swift; sourceTree = "<group>"; };
		7586B39AA3724352A53798C3 /* WorkoutDetailView.swift */ = {isa = PBXFileReference; lastKnownFileType = sourcecode.swift; path = WorkoutDetailView.swift; sourceTree = "<group>"; };
		75F944990025E5997A5F0847 /* VitalApp.swift */ = {isa = PBXFileReference; lastKnownFileType = sourcecode.swift; path = VitalApp.swift; sourceTree = "<group>"; };
		789FB3B558E209BB25525EB1 /* MacroBar.swift */ = {isa = PBXFileReference; lastKnownFileType = sourcecode.swift; path = MacroBar.swift; sourceTree = "<group>"; };
		7A505619541FE752606DD517 /* AuthService.swift */ = {isa = PBXFileReference; lastKnownFileType = sourcecode.swift; path = AuthService.swift; sourceTree = "<group>"; };
		7ECFC4ADFF01A5E7F7A5967F /* SkeletonView.swift */ = {isa = PBXFileReference; lastKnownFileType = sourcecode.swift; path = SkeletonView.swift; sourceTree = "<group>"; };
		81DA91D12D1CEA1BA42A24C8 /* HealthProfileEditView.swift */ = {isa = PBXFileReference; lastKnownFileType = sourcecode.swift; path = HealthProfileEditView.swift; sourceTree = "<group>"; };
		82534F92A1788707CFF5DCBD /* DeviceSelectionView.swift */ = {isa = PBXFileReference; lastKnownFileType = sourcecode.swift; path = DeviceSelectionView.swift; sourceTree = "<group>"; };
		86AC6E545186B05588923B37 /* ContentView.swift */ = {isa = PBXFileReference; lastKnownFileType = sourcecode.swift; path = ContentView.swift; sourceTree = "<group>"; };
		9A64A47B9FD55661422FED52 /* ActivityView.swift */ = {isa = PBXFileReference; lastKnownFileType = sourcecode.swift; path = ActivityView.swift; sourceTree = "<group>"; };
		9B0D139DCAABA4FF1454DD9E /* LoginView.swift */ = {isa = PBXFileReference; lastKnownFileType = sourcecode.swift; path = LoginView.swift; sourceTree = "<group>"; };
		A453F8F5AFBEE93612CD2DDA /* DocumentPicker.swift */ = {isa = PBXFileReference; lastKnownFileType = sourcecode.swift; path = DocumentPicker.swift; sourceTree = "<group>"; };
		A9B3EDAE295BB5003567B7CF /* PermissionsView.swift */ = {isa = PBXFileReference; lastKnownFileType = sourcecode.swift; path = PermissionsView.swift; sourceTree = "<group>"; };
		A9C464C536715D7CD233F022 /* ChatView.swift */ = {isa = PBXFileReference; lastKnownFileType = sourcecode.swift; path = ChatView.swift; sourceTree = "<group>"; };
		AAA86C9E18CF5593EEA2BC55 /* TodayView.swift */ = {isa = PBXFileReference; lastKnownFileType = sourcecode.swift; path = TodayView.swift; sourceTree = "<group>"; };
		B0F1B423C74B0B70BC5C0B02 /* CameraPicker.swift */ = {isa = PBXFileReference; lastKnownFileType = sourcecode.swift; path = CameraPicker.swift; sourceTree = "<group>"; };
		C5D0B47920B557F8962A90F7 /* WaterQuickAddView.swift */ = {isa = PBXFileReference; lastKnownFileType = sourcecode.swift; path = WaterQuickAddView.swift; sourceTree = "<group>"; };
		CBF73ED4E98DCD72ABD704F1 /* HealthKitService.swift */ = {isa = PBXFileReference; lastKnownFileType = sourcecode.swift; path = HealthKitService.swift; sourceTree = "<group>"; };
		D46C9D2EEE67FD860EA9269C /* MetricDetailView.swift */ = {isa = PBXFileReference; lastKnownFileType = sourcecode.swift; path = MetricDetailView.swift; sourceTree = "<group>"; };
		D87B44CB5432E31DD4F5A785 /* NetworkMonitor.swift */ = {isa = PBXFileReference; lastKnownFileType = sourcecode.swift; path = NetworkMonitor.swift; sourceTree = "<group>"; };
		EACF3EB67A073B4D6917E660 /* EmptyStateView.swift */ = {isa = PBXFileReference; lastKnownFileType = sourcecode.swift; path = EmptyStateView.swift; sourceTree = "<group>"; };
		EB14AFD38B7C66C7EC36CFF4 /* SyncStatusView.swift */ = {isa = PBXFileReference; lastKnownFileType = sourcecode.swift; path = SyncStatusView.swift; sourceTree = "<group>"; };
		EC860DBCA8D5861DA867F953 /* Assets.xcassets */ = {isa = PBXFileReference; lastKnownFileType = folder.assetcatalog; path = Assets.xcassets; sourceTree = "<group>"; };
		ECE28BE8DF3FB055E2BFD99E /* BrandColors.swift */ = {isa = PBXFileReference; lastKnownFileType = sourcecode.swift; path = BrandColors.swift; sourceTree = "<group>"; };
		EF92559B707E7D4262FDC303 /* Config.swift */ = {isa = PBXFileReference; lastKnownFileType = sourcecode.swift; path = Config.swift; sourceTree = "<group>"; };
		F1CAE199160B3A4F83672596 /* APIService.swift */ = {isa = PBXFileReference; lastKnownFileType = sourcecode.swift; path = APIService.swift; sourceTree = "<group>"; };
		F7D604E9B7E3661E662A5E7F /* MealAnalysisService.swift */ = {isa = PBXFileReference; lastKnownFileType = sourcecode.swift; path = MealAnalysisService.swift; sourceTree = "<group>"; };
		FDE6CC668BDDFEA9882201EA /* MealAnalysisView.swift */ = {isa = PBXFileReference; lastKnownFileType = sourcecode.swift; path = MealAnalysisView.swift; sourceTree = "<group>"; };
/* End PBXFileReference section */

/* Begin PBXFrameworksBuildPhase section */
		2987C7FDCAF82BCD6FE38D15 /* Frameworks */ = {
			isa = PBXFrameworksBuildPhase;
			buildActionMask = 2147483647;
			files = (
				7EC8510CF896AD0ABE65028E /* Supabase in Frameworks */,
			);
			runOnlyForDeploymentPostprocessing = 0;
		};
/* End PBXFrameworksBuildPhase section */

/* Begin PBXGroup section */
		340F53374797844606805866 /* Components */ = {
			isa = PBXGroup;
			children = (
				A453F8F5AFBEE93612CD2DDA /* DocumentPicker.swift */,
				EACF3EB67A073B4D6917E660 /* EmptyStateView.swift */,
				34DD3ADBC4EDBBD471333412 /* HapticManager.swift */,
				3398576D292987F2B5FE4251 /* ImagePicker.swift */,
				789FB3B558E209BB25525EB1 /* MacroBar.swift */,
				524A95CB42E653597360F8F1 /* RecoveryRing.swift */,
				7ECFC4ADFF01A5E7F7A5967F /* SkeletonView.swift */,
				4D4225B85291BA2AA157CA81 /* SparklineChart.swift */,
			);
			path = Components;
			sourceTree = "<group>";
		};
		37A601983F119E8FF79F0143 /* Profile */ = {
			isa = PBXGroup;
			children = (
				81DA91D12D1CEA1BA42A24C8 /* HealthProfileEditView.swift */,
				06149EE4656A31E0CDC26112 /* ProfileView.swift */,
			);
			path = Profile;
			sourceTree = "<group>";
		};
		4CCDE0020F6F99A10E56CB3D /* Models */ = {
			isa = PBXGroup;
			children = (
				41DD527E05343DD9C7E0D7B9 /* AppModels.swift */,
				51CA0976C5B54CDAB62C9964 /* HealthData.swift */,
			);
			path = Models;
			sourceTree = "<group>";
		};
		54B1882EC8007F5F97CD23C1 /* Activity */ = {
			isa = PBXGroup;
			children = (
				9A64A47B9FD55661422FED52 /* ActivityView.swift */,
			);
			path = Activity;
			sourceTree = "<group>";
		};
		5C95BDB34DFDB5D010EE612B /* More */ = {
			isa = PBXGroup;
			children = (
				58BCF7A7CE62FA7F61B02947 /* ChatHistoryView.swift */,
				A9C464C536715D7CD233F022 /* ChatView.swift */,
				4A83C6F4F89F3B1447EE6310 /* LabsView.swift */,
				695F5E696F12D181D6A4AFFD /* MoreView.swift */,
				007156F6AEE52F5471FAC5B5 /* SupplementFormView.swift */,
				3AFC49CCDA59865BC4C7D70B /* SupplementScanView.swift */,
				5FE808B66952FCB7F89CF796 /* SupplementsView.swift */,
			);
			path = More;
			sourceTree = "<group>";
		};
		69DA0D0AB5D4A39B1C289E6A /* Vital */ = {
			isa = PBXGroup;
			children = (
				EC860DBCA8D5861DA867F953 /* Assets.xcassets */,
				ECE28BE8DF3FB055E2BFD99E /* BrandColors.swift */,
				EF92559B707E7D4262FDC303 /* Config.swift */,
				269D5C7E269BC001761E3170 /* Info.plist */,
				501DF9AE721A2A5A26C9F350 /* Vital.entitlements */,
				75F944990025E5997A5F0847 /* VitalApp.swift */,
				4CCDE0020F6F99A10E56CB3D /* Models */,
				7377E78FCD7E9D8CE5B07091 /* Services */,
				8D2C624B671E2FF18B4F1C7D /* Views */,
			);
			path = Vital;
			sourceTree = "<group>";
		};
		6C5F16337B7BD42966EA0FF3 /* Products */ = {
			isa = PBXGroup;
			children = (
				533791F1F8F3F49849EED2E9 /* Vital.app */,
			);
			name = Products;
			sourceTree = "<group>";
		};
		7377E78FCD7E9D8CE5B07091 /* Services */ = {
			isa = PBXGroup;
			children = (
				F1CAE199160B3A4F83672596 /* APIService.swift */,
				7A505619541FE752606DD517 /* AuthService.swift */,
				26FCAD02401C1EF8CC5344F4 /* ChatHistoryManager.swift */,
				CBF73ED4E98DCD72ABD704F1 /* HealthKitService.swift */,
				F7D604E9B7E3661E662A5E7F /* MealAnalysisService.swift */,
				D87B44CB5432E31DD4F5A785 /* NetworkMonitor.swift */,
				419049B12A08DD535DF23CBC /* SyncService.swift */,
			);
			path = Services;
			sourceTree = "<group>";
		};
		8D2C624B671E2FF18B4F1C7D /* Views */ = {
			isa = PBXGroup;
			children = (
				86AC6E545186B05588923B37 /* ContentView.swift */,
				82534F92A1788707CFF5DCBD /* DeviceSelectionView.swift */,
				9B0D139DCAABA4FF1454DD9E /* LoginView.swift */,
				6E0101990B2443858036D833 /* OnboardingView.swift */,
				A9B3EDAE295BB5003567B7CF /* PermissionsView.swift */,
				2D62018416CAAA49C7E9D937 /* SettingsView.swift */,
				EB14AFD38B7C66C7EC36CFF4 /* SyncStatusView.swift */,
				54B1882EC8007F5F97CD23C1 /* Activity */,
				340F53374797844606805866 /* Components */,
				ECC43E3F5FC099B47E150856 /* Dashboard */,
				5C95BDB34DFDB5D010EE612B /* More */,
				AEB67A4577124A425A96BCFD /* Nutrition */,
				37A601983F119E8FF79F0143 /* Profile */,
				8FEBE2A5E8A87CA1AAB35900 /* Today */,
				ED8FD146AD9E16C770316DAF /* Workouts */,
			);
			path = Views;
			sourceTree = "<group>";
		};
		8FEBE2A5E8A87CA1AAB35900 /* Today */ = {
			isa = PBXGroup;
			children = (
				D46C9D2EEE67FD860EA9269C /* MetricDetailView.swift */,
				0B2E36B5835F23D569F5FAC2 /* SleepDetailView.swift */,
				AAA86C9E18CF5593EEA2BC55 /* TodayView.swift */,
				C5D0B47920B557F8962A90F7 /* WaterQuickAddView.swift */,
			);
			path = Today;
			sourceTree = "<group>";
		};
		AEB67A4577124A425A96BCFD /* Nutrition */ = {
			isa = PBXGroup;
			children = (
				B0F1B423C74B0B70BC5C0B02 /* CameraPicker.swift */,
				FDE6CC668BDDFEA9882201EA /* MealAnalysisView.swift */,
				234C8B4F374F1A11E2A462BE /* MealFormView.swift */,
				718093F3217EB8C9E568058A /* NutritionView.swift */,
			);
			path = Nutrition;
			sourceTree = "<group>";
		};
		CB88CC1D8F8ABA595084C46C = {
			isa = PBXGroup;
			children = (
				69DA0D0AB5D4A39B1C289E6A /* Vital */,
				6C5F16337B7BD42966EA0FF3 /* Products */,
			);
			sourceTree = "<group>";
		};
		ECC43E3F5FC099B47E150856 /* Dashboard */ = {
			isa = PBXGroup;
			children = (
				058387F7BF756B77029CBF41 /* DashboardView.swift */,
			);
			path = Dashboard;
			sourceTree = "<group>";
		};
		ED8FD146AD9E16C770316DAF /* Workouts */ = {
			isa = PBXGroup;
			children = (
				11FD45DA6073A9AF4653948C /* QuickLogView.swift */,
				7586B39AA3724352A53798C3 /* WorkoutDetailView.swift */,
				21FD12DE3911921C22F394BA /* WorkoutSessionView.swift */,
				011D16B4E167D3A7522A591A /* WorkoutsView.swift */,
			);
			path = Workouts;
			sourceTree = "<group>";
		};
/* End PBXGroup section */

/* Begin PBXNativeTarget section */
		1820B6FC800E8BDC6ED21986 /* Vital */ = {
			isa = PBXNativeTarget;
			buildConfigurationList = 8A002BC5BA9E34327A7AE2CA /* Build configuration list for PBXNativeTarget "Vital" */;
			buildPhases = (
				3C30289B3BD64E1F6A5AC12F /* Sources */,
				007A246AD3C9B1FFE1F2C97F /* Resources */,
				2987C7FDCAF82BCD6FE38D15 /* Frameworks */,
			);
			buildRules = (
			);
			dependencies = (
			);
			name = Vital;
			packageProductDependencies = (
				912219716956E7D281B60D89 /* Supabase */,
			);
			productName = Vital;
			productReference = 533791F1F8F3F49849EED2E9 /* Vital.app */;
			productType = "com.apple.product-type.application";
		};
/* End PBXNativeTarget section */

/* Begin PBXProject section */
		4E093F5583ED5A7AACA928D4 /* Project object */ = {
			isa = PBXProject;
			attributes = {
				BuildIndependentTargetsInParallel = YES;
				LastUpgradeCheck = 2600;
				TargetAttributes = {
					1820B6FC800E8BDC6ED21986 = {
						DevelopmentTeam = A3W539C4C3;
					};
				};
			};
			buildConfigurationList = A1F3E2A40935B537D89BC59B /* Build configuration list for PBXProject "Vital" */;
			developmentRegion = en;
			hasScannedForEncodings = 0;
			knownRegions = (
				Base,
				en,
			);
			mainGroup = CB88CC1D8F8ABA595084C46C;
			minimizedProjectReferenceProxies = 1;
			packageReferences = (
				AFDD7CB1D23721E6A64FF501 /* XCRemoteSwiftPackageReference "supabase-swift" */,
			);
			preferredProjectObjectVersion = 77;
			productRefGroup = 6C5F16337B7BD42966EA0FF3 /* Products */;
			projectDirPath = "";
			projectRoot = "";
			targets = (
				1820B6FC800E8BDC6ED21986 /* Vital */,
			);
		};
/* End PBXProject section */

/* Begin PBXResourcesBuildPhase section */
		007A246AD3C9B1FFE1F2C97F /* Resources */ = {
			isa = PBXResourcesBuildPhase;
			buildActionMask = 2147483647;
			files = (
				9EE3B3B10026C48C894C1E2E /* Assets.xcassets in Resources */,
			);
			runOnlyForDeploymentPostprocessing = 0;
		};
/* End PBXResourcesBuildPhase section */

/* Begin PBXSourcesBuildPhase section */
		3C30289B3BD64E1F6A5AC12F /* Sources */ = {
			isa = PBXSourcesBuildPhase;
			buildActionMask = 2147483647;
			files = (
				22D664D7F5FD652A31DB0F65 /* APIService.swift in Sources */,
				675BA7C7182E3C2B4AE46A78 /* ActivityView.swift in Sources */,
				685685054E1D9C017B5E8E35 /* AppModels.swift in Sources */,
				2C8B787BBDB5CA3499CC8F45 /* AuthService.swift in Sources */,
				87CE45C7EC90057B7404D6C5 /* BrandColors.swift in Sources */,
				3850A7C17F91162718E074A5 /* CameraPicker.swift in Sources */,
				2363FBCC1AEA2709E32E1C49 /* ChatHistoryManager.swift in Sources */,
				113957073D32157F511B0B97 /* ChatHistoryView.swift in Sources */,
				29E05D9C2A5372819CF26B6F /* ChatView.swift in Sources */,
				C691307B8AC193BFA5D584C6 /* Config.swift in Sources */,
				306C873F89DB17082AAEF7DB /* ContentView.swift in Sources */,
				82D43C3B7B02A84FCB7E8B84 /* DashboardView.swift in Sources */,
				8718F9EF3ED0F35F45C2327C /* DeviceSelectionView.swift in Sources */,
				F282960C5925F88C336ECA79 /* DocumentPicker.swift in Sources */,
				DFB81B3371584E5D355161C8 /* EmptyStateView.swift in Sources */,
				A493F1EAEB4E898E76428607 /* HapticManager.swift in Sources */,
				61B1EE2C30CD7785928F53FA /* HealthData.swift in Sources */,
				72BE40C3C30A9684A7C89300 /* HealthKitService.swift in Sources */,
				1A1C5F565A07DC66127663E1 /* HealthProfileEditView.swift in Sources */,
				63EDA6B453A78FA2D8C1162F /* ImagePicker.swift in Sources */,
				AF26D00E7712120425E3425D /* LabsView.swift in Sources */,
				F8EF78F636AB968A0C5C2141 /* LoginView.swift in Sources */,
				E02FFF0EC6709E0683FC0AE6 /* MacroBar.swift in Sources */,
				FE77C8E2E3F2A0F4338F35A2 /* MealAnalysisService.swift in Sources */,
				E8C5E7FC3EB83D965E3B51A6 /* MealAnalysisView.swift in Sources */,
				4E3189299980475CEDF47604 /* MealFormView.swift in Sources */,
				2A7616587AC02AF5E795E939 /* MetricDetailView.swift in Sources */,
				34272EDAA3EFD6F99F86B001 /* MoreView.swift in Sources */,
				DE6F438E0022C6D7F64EF535 /* NetworkMonitor.swift in Sources */,
				83DB21F40AB3650F585440CA /* NutritionView.swift in Sources */,
				ADDE2E207536AA76178EFCA6 /* OnboardingView.swift in Sources */,
				A488921DE71D81B872E0038A /* PermissionsView.swift in Sources */,
				742A9E1FF0C34411F30BB3F7 /* ProfileView.swift in Sources */,
				F4B947C98349231AE4312579 /* QuickLogView.swift in Sources */,
				F2B878F1B30A5DDE8FD7042E /* RecoveryRing.swift in Sources */,
				664BF915E1E36D770A850E28 /* SettingsView.swift in Sources */,
				AC54A7C96E16C3755B82EB2E /* SkeletonView.swift in Sources */,
				992C271EAF05E18D631CC48C /* SleepDetailView.swift in Sources */,
				63D97D74849E03C0F076194D /* SparklineChart.swift in Sources */,
				929ACBD19E455D8624BC7A68 /* SupplementFormView.swift in Sources */,
				FF3BFF2F40540103C12152AA /* SupplementScanView.swift in Sources */,
				A91E6512E1FBC897AF0E8636 /* SupplementsView.swift in Sources */,
				0066661C04BC58EDD9FDD80C /* SyncService.swift in Sources */,
				EB251EBF97EFDAADDA19C673 /* SyncStatusView.swift in Sources */,
				388B58FA32782AAF6208DA25 /* TodayView.swift in Sources */,
				21650B63683E26C56D952CDF /* VitalApp.swift in Sources */,
				482167DBE1E4BFE145E8948B /* WaterQuickAddView.swift in Sources */,
				08C79908544161C16AFECCEA /* WorkoutDetailView.swift in Sources */,
				BB1BD3C1163B29438B6F9F56 /* WorkoutSessionView.swift in Sources */,
				78DF37D6390AFA2CDDCE3690 /* WorkoutsView.swift in Sources */,
			);
			runOnlyForDeploymentPostprocessing = 0;
		};
/* End PBXSourcesBuildPhase section */

/* Begin XCBuildConfiguration section */
		5054818954517B4FE5CA5B3B /* Release */ = {
			isa = XCBuildConfiguration;
			buildSettings = {
				ALWAYS_SEARCH_USER_PATHS = NO;
				CLANG_ANALYZER_NONNULL = YES;
				CLANG_ANALYZER_NUMBER_OBJECT_CONVERSION = YES_AGGRESSIVE;
				CLANG_CXX_LANGUAGE_STANDARD = "gnu++14";
				CLANG_CXX_LIBRARY = "libc++";
				CLANG_ENABLE_MODULES = YES;
				CLANG_ENABLE_OBJC_ARC = YES;
				CLANG_ENABLE_OBJC_WEAK = YES;
				CLANG_WARN_BLOCK_CAPTURE_AUTORELEASING = YES;
				CLANG_WARN_BOOL_CONVERSION = YES;
				CLANG_WARN_COMMA = YES;
				CLANG_WARN_CONSTANT_CONVERSION = YES;
				CLANG_WARN_DEPRECATED_OBJC_IMPLEMENTATIONS = YES;
				CLANG_WARN_DIRECT_OBJC_ISA_USAGE = YES_ERROR;
				CLANG_WARN_DOCUMENTATION_COMMENTS = YES;
				CLANG_WARN_EMPTY_BODY = YES;
				CLANG_WARN_ENUM_CONVERSION = YES;
				CLANG_WARN_INFINITE_RECURSION = YES;
				CLANG_WARN_INT_CONVERSION = YES;
				CLANG_WARN_NON_LITERAL_NULL_CONVERSION = YES;
				CLANG_WARN_OBJC_IMPLICIT_RETAIN_SELF = YES;
				CLANG_WARN_OBJC_LITERAL_CONVERSION = YES;
				CLANG_WARN_OBJC_ROOT_CLASS = YES_ERROR;
				CLANG_WARN_QUOTED_INCLUDE_IN_FRAMEWORK_HEADER = YES;
				CLANG_WARN_RANGE_LOOP_ANALYSIS = YES;
				CLANG_WARN_STRICT_PROTOTYPES = YES;
				CLANG_WARN_SUSPICIOUS_MOVE = YES;
				CLANG_WARN_UNGUARDED_AVAILABILITY = YES_AGGRESSIVE;
				CLANG_WARN_UNREACHABLE_CODE = YES;
				CLANG_WARN__DUPLICATE_METHOD_MATCH = YES;
				COPY_PHASE_STRIP = NO;
				DEBUG_INFORMATION_FORMAT = "dwarf-with-dsym";
				ENABLE_NS_ASSERTIONS = NO;
				ENABLE_STRICT_OBJC_MSGSEND = YES;
				GCC_C_LANGUAGE_STANDARD = gnu11;
				GCC_NO_COMMON_BLOCKS = YES;
				GCC_WARN_64_TO_32_BIT_CONVERSION = YES;
				GCC_WARN_ABOUT_RETURN_TYPE = YES_ERROR;
				GCC_WARN_UNDECLARED_SELECTOR = YES;
				GCC_WARN_UNINITIALIZED_AUTOS = YES_AGGRESSIVE;
				GCC_WARN_UNUSED_FUNCTION = YES;
				GCC_WARN_UNUSED_VARIABLE = YES;
				IPHONEOS_DEPLOYMENT_TARGET = 26.0;
				MTL_ENABLE_DEBUG_INFO = NO;
				MTL_FAST_MATH = YES;
				PRODUCT_NAME = "$(TARGET_NAME)";
				SDKROOT = iphoneos;
				SWIFT_COMPILATION_MODE = wholemodule;
				SWIFT_OPTIMIZATION_LEVEL = "-O";
				SWIFT_VERSION = 5.0;
			};
			name = Release;
		};
		886B1CC563E77E95FD6F06CA /* Debug */ = {
			isa = XCBuildConfiguration;
			buildSettings = {
				ALWAYS_SEARCH_USER_PATHS = NO;
				CLANG_ANALYZER_NONNULL = YES;
				CLANG_ANALYZER_NUMBER_OBJECT_CONVERSION = YES_AGGRESSIVE;
				CLANG_CXX_LANGUAGE_STANDARD = "gnu++14";
				CLANG_CXX_LIBRARY = "libc++";
				CLANG_ENABLE_MODULES = YES;
				CLANG_ENABLE_OBJC_ARC = YES;
				CLANG_ENABLE_OBJC_WEAK = YES;
				CLANG_WARN_BLOCK_CAPTURE_AUTORELEASING = YES;
				CLANG_WARN_BOOL_CONVERSION = YES;
				CLANG_WARN_COMMA = YES;
				CLANG_WARN_CONSTANT_CONVERSION = YES;
				CLANG_WARN_DEPRECATED_OBJC_IMPLEMENTATIONS = YES;
				CLANG_WARN_DIRECT_OBJC_ISA_USAGE = YES_ERROR;
				CLANG_WARN_DOCUMENTATION_COMMENTS = YES;
				CLANG_WARN_EMPTY_BODY = YES;
				CLANG_WARN_ENUM_CONVERSION = YES;
				CLANG_WARN_INFINITE_RECURSION = YES;
				CLANG_WARN_INT_CONVERSION = YES;
				CLANG_WARN_NON_LITERAL_NULL_CONVERSION = YES;
				CLANG_WARN_OBJC_IMPLICIT_RETAIN_SELF = YES;
				CLANG_WARN_OBJC_LITERAL_CONVERSION = YES;
				CLANG_WARN_OBJC_ROOT_CLASS = YES_ERROR;
				CLANG_WARN_QUOTED_INCLUDE_IN_FRAMEWORK_HEADER = YES;
				CLANG_WARN_RANGE_LOOP_ANALYSIS = YES;
				CLANG_WARN_STRICT_PROTOTYPES = YES;
				CLANG_WARN_SUSPICIOUS_MOVE = YES;
				CLANG_WARN_UNGUARDED_AVAILABILITY = YES_AGGRESSIVE;
				CLANG_WARN_UNREACHABLE_CODE = YES;
				CLANG_WARN__DUPLICATE_METHOD_MATCH = YES;
				COPY_PHASE_STRIP = NO;
				DEBUG_INFORMATION_FORMAT = dwarf;
				ENABLE_STRICT_OBJC_MSGSEND = YES;
				ENABLE_TESTABILITY = YES;
				GCC_C_LANGUAGE_STANDARD = gnu11;
				GCC_DYNAMIC_NO_PIC = NO;
				GCC_NO_COMMON_BLOCKS = YES;
				GCC_OPTIMIZATION_LEVEL = 0;
				GCC_PREPROCESSOR_DEFINITIONS = (
					"$(inherited)",
					"DEBUG=1",
				);
				GCC_WARN_64_TO_32_BIT_CONVERSION = YES;
				GCC_WARN_ABOUT_RETURN_TYPE = YES_ERROR;
				GCC_WARN_UNDECLARED_SELECTOR = YES;
				GCC_WARN_UNINITIALIZED_AUTOS = YES_AGGRESSIVE;
				GCC_WARN_UNUSED_FUNCTION = YES;
				GCC_WARN_UNUSED_VARIABLE = YES;
				IPHONEOS_DEPLOYMENT_TARGET = 26.0;
				MTL_ENABLE_DEBUG_INFO = INCLUDE_SOURCE;
				MTL_FAST_MATH = YES;
				ONLY_ACTIVE_ARCH = YES;
				PRODUCT_NAME = "$(TARGET_NAME)";
				SDKROOT = iphoneos;
				SWIFT_ACTIVE_COMPILATION_CONDITIONS = DEBUG;
				SWIFT_OPTIMIZATION_LEVEL = "-Onone";
				SWIFT_VERSION = 5.0;
			};
			name = Debug;
		};
		9F16163EC128079E77E87F92 /* Debug */ = {
			isa = XCBuildConfiguration;
			buildSettings = {
				ASSETCATALOG_COMPILER_APPICON_NAME = AppIcon;
				CODE_SIGN_ENTITLEMENTS = Vital/Vital.entitlements;
				CODE_SIGN_IDENTITY = "iPhone Developer";
				CURRENT_PROJECT_VERSION = 14;
				DEVELOPMENT_TEAM = A3W539C4C3;
				INFOPLIST_FILE = Vital/Info.plist;
				LD_RUNPATH_SEARCH_PATHS = (
					"$(inherited)",
					"@executable_path/Frameworks",
				);
				MARKETING_VERSION = 1.0.0;
				PRODUCT_BUNDLE_IDENTIFIER = com.cesario.vital;
				SDKROOT = iphoneos;
				SWIFT_VERSION = 6.0;
				TARGETED_DEVICE_FAMILY = "1,2";
			};
			name = Debug;
		};
		BEC774E77773F549938D62AE /* Release */ = {
			isa = XCBuildConfiguration;
			buildSettings = {
				ASSETCATALOG_COMPILER_APPICON_NAME = AppIcon;
				CODE_SIGN_ENTITLEMENTS = Vital/Vital.entitlements;
				CODE_SIGN_IDENTITY = "iPhone Developer";
				CURRENT_PROJECT_VERSION = 14;
				DEVELOPMENT_TEAM = A3W539C4C3;
				INFOPLIST_FILE = Vital/Info.plist;
				LD_RUNPATH_SEARCH_PATHS = (
					"$(inherited)",
					"@executable_path/Frameworks",
				);
				MARKETING_VERSION = 1.0.0;
				PRODUCT_BUNDLE_IDENTIFIER = com.cesario.vital;
				SDKROOT = iphoneos;
				SWIFT_VERSION = 6.0;
				TARGETED_DEVICE_FAMILY = "1,2";
			};
			name = Release;
		};
/* End XCBuildConfiguration section */

/* Begin XCConfigurationList section */
		8A002BC5BA9E34327A7AE2CA /* Build configuration list for PBXNativeTarget "Vital" */ = {
			isa = XCConfigurationList;
			buildConfigurations = (
				9F16163EC128079E77E87F92 /* Debug */,
				BEC774E77773F549938D62AE /* Release */,
			);
			defaultConfigurationIsVisible = 0;
			defaultConfigurationName = Debug;
		};
		A1F3E2A40935B537D89BC59B /* Build configuration list for PBXProject "Vital" */ = {
			isa = XCConfigurationList;
			buildConfigurations = (
				886B1CC563E77E95FD6F06CA /* Debug */,
				5054818954517B4FE5CA5B3B /* Release */,
			);
			defaultConfigurationIsVisible = 0;
			defaultConfigurationName = Debug;
		};
/* End XCConfigurationList section */

/* Begin XCRemoteSwiftPackageReference section */
		AFDD7CB1D23721E6A64FF501 /* XCRemoteSwiftPackageReference "supabase-swift" */ = {
			isa = XCRemoteSwiftPackageReference;
			repositoryURL = "https://github.com/supabase-community/supabase-swift";
			requirement = {
				kind = upToNextMajorVersion;
				minimumVersion = 2.0.0;
			};
		};
/* End XCRemoteSwiftPackageReference section */

/* Begin XCSwiftPackageProductDependency section */
		912219716956E7D281B60D89 /* Supabase */ = {
			isa = XCSwiftPackageProductDependency;
			package = AFDD7CB1D23721E6A64FF501 /* XCRemoteSwiftPackageReference "supabase-swift" */;
			productName = Supabase;
		};
/* End XCSwiftPackageProductDependency section */
	};
	rootObject = 4E093F5583ED5A7AACA928D4 /* Project object */;
}
